
Microsoft Visual Studio Solution File, Format Version 12.00
# Visual Studio Version 16
VisualStudioVersion = 16.0.29215.179
MinimumVisualStudioVersion = 10.0.40219.1
Project("{FAE04EC0-301F-11D3-BF4B-00C04F79EFBC}") = "Linq", "Linq.csproj", "{5D9271D6-27C7-45EF-9303-61BA2282516C}"
EndProject
Project("{FAE04EC0-301F-11D3-BF4B-00C04F79EFBC}") = "01_Delegate", "..\01_Delegate\01_Delegate.csproj", "{68FE4DC4-BA08-4C63-9B1A-595C9847BD0E}"
EndProject
Project("{2150E333-8FDC-42A3-9474-1A3956D46DE8}") = "KovacsA", "KovacsA", "{BEB1B735-49D4-4769-BAC2-A7F837B3121E}"
EndProject
Project("{FAE04EC0-301F-11D3-BF4B-00C04F79EFBC}") = "03_BuiltInDelegateExamples", "..\03_BuiltInDelegateExamples\03_BuiltInDelegateExamples.csproj", "{863FDE38-0F2D-49B8-9E33-AC673C2EC26A}"
EndProject
Project("{FAE04EC0-301F-11D3-BF4B-00C04F79EFBC}") = "02_BuiltInDelegate", "..\02_BuiltInDelegate\02_BuiltInDelegate.csproj", "{9FF31C84-0CB8-4C3C-A994-D047766DDD31}"
EndProject
Project("{FAE04EC0-301F-11D3-BF4B-00C04F79EFBC}") = "04_DelegateVSEvents", "..\04_DelegateVSEvents\04_DelegateVSEvents.csproj", "{BDA630B1-2C0D-4998-AABA-4FBF000E7B18}"
EndProject
Project("{FAE04EC0-301F-11D3-BF4B-00C04F79EFBC}") = "05_AnonMeh_Lambda", "..\05_AnonMeh_Lambda\05_AnonMeh_Lambda.csproj", "{89D379A2-FC1B-4D3D-B9F3-E4237EF4A856}"
EndProject
Project("{FAE04EC0-301F-11D3-BF4B-00C04F79EFBC}") = "06_OuterVariableTraps", "..\06_OuterVariableTraps\06_OuterVariableTraps.csproj", "{79CC3CA6-32B4-4E21-982B-0BF0C280C1BF}"
EndProject
Global
	GlobalSection(SolutionConfigurationPlatforms) = preSolution
		Debug|Any CPU = Debug|Any CPU
		Release|Any CPU = Release|Any CPU
	EndGlobalSection
	GlobalSection(ProjectConfigurationPlatforms) = postSolution
		{5D9271D6-27C7-45EF-9303-61BA2282516C}.Debug|Any CPU.ActiveCfg = Debug|Any CPU
		{5D9271D6-27C7-45EF-9303-61BA2282516C}.Debug|Any CPU.Build.0 = Debug|Any CPU
		{5D9271D6-27C7-45EF-9303-61BA2282516C}.Release|Any CPU.ActiveCfg = Release|Any CPU
		{5D9271D6-27C7-45EF-9303-61BA2282516C}.Release|Any CPU.Build.0 = Release|Any CPU
		{68FE4DC4-BA08-4C63-9B1A-595C9847BD0E}.Debug|Any CPU.ActiveCfg = Debug|Any CPU
		{68FE4DC4-BA08-4C63-9B1A-595C9847BD0E}.Debug|Any CPU.Build.0 = Debug|Any CPU
		{68FE4DC4-BA08-4C63-9B1A-595C9847BD0E}.Release|Any CPU.ActiveCfg = Release|Any CPU
		{68FE4DC4-BA08-4C63-9B1A-595C9847BD0E}.Release|Any CPU.Build.0 = Release|Any CPU
		{863FDE38-0F2D-49B8-9E33-AC673C2EC26A}.Debug|Any CPU.ActiveCfg = Debug|Any CPU
		{863FDE38-0F2D-49B8-9E33-AC673C2EC26A}.Debug|Any CPU.Build.0 = Debug|Any CPU
		{863FDE38-0F2D-49B8-9E33-AC673C2EC26A}.Release|Any CPU.ActiveCfg = Release|Any CPU
		{863FDE38-0F2D-49B8-9E33-AC673C2EC26A}.Release|Any CPU.Build.0 = Release|Any CPU
		{9FF31C84-0CB8-4C3C-A994-D047766DDD31}.Debug|Any CPU.ActiveCfg = Debug|Any CPU
		{9FF31C84-0CB8-4C3C-A994-D047766DDD31}.Debug|Any CPU.Build.0 = Debug|Any CPU
		{9FF31C84-0CB8-4C3C-A994-D047766DDD31}.Release|Any CPU.ActiveCfg = Release|Any CPU
		{9FF31C84-0CB8-4C3C-A994-D047766DDD31}.Release|Any CPU.Build.0 = Release|Any CPU
		{BDA630B1-2C0D-4998-AABA-4FBF000E7B18}.Debug|Any CPU.ActiveCfg = Debug|Any CPU
		{BDA630B1-2C0D-4998-AABA-4FBF000E7B18}.Debug|Any CPU.Build.0 = Debug|Any CPU
		{BDA630B1-2C0D-4998-AABA-4FBF000E7B18}.Release|Any CPU.ActiveCfg = Release|Any CPU
		{BDA630B1-2C0D-4998-AABA-4FBF000E7B18}.Release|Any CPU.Build.0 = Release|Any CPU
		{89D379A2-FC1B-4D3D-B9F3-E4237EF4A856}.Debug|Any CPU.ActiveCfg = Debug|Any CPU
		{89D379A2-FC1B-4D3D-B9F3-E4237EF4A856}.Debug|Any CPU.Build.0 = Debug|Any CPU
		{89D379A2-FC1B-4D3D-B9F3-E4237EF4A856}.Release|Any CPU.ActiveCfg = Release|Any CPU
		{89D379A2-FC1B-4D3D-B9F3-E4237EF4A856}.Release|Any CPU.Build.0 = Release|Any CPU
		{79CC3CA6-32B4-4E21-982B-0BF0C280C1BF}.Debug|Any CPU.ActiveCfg = Debug|Any CPU
		{79CC3CA6-32B4-4E21-982B-0BF0C280C1BF}.Debug|Any CPU.Build.0 = Debug|Any CPU
		{79CC3CA6-32B4-4E21-982B-0BF0C280C1BF}.Release|Any CPU.ActiveCfg = Release|Any CPU
		{79CC3CA6-32B4-4E21-982B-0BF0C280C1BF}.Release|Any CPU.Build.0 = Release|Any CPU
	EndGlobalSection
	GlobalSection(SolutionProperties) = preSolution
		HideSolutionNode = FALSE
	EndGlobalSection
	GlobalSection(NestedProjects) = preSolution
		{68FE4DC4-BA08-4C63-9B1A-595C9847BD0E} = {BEB1B735-49D4-4769-BAC2-A7F837B3121E}
		{863FDE38-0F2D-49B8-9E33-AC673C2EC26A} = {BEB1B735-49D4-4769-BAC2-A7F837B3121E}
		{9FF31C84-0CB8-4C3C-A994-D047766DDD31} = {BEB1B735-49D4-4769-BAC2-A7F837B3121E}
		{BDA630B1-2C0D-4998-AABA-4FBF000E7B18} = {BEB1B735-49D4-4769-BAC2-A7F837B3121E}
		{89D379A2-FC1B-4D3D-B9F3-E4237EF4A856} = {BEB1B735-49D4-4769-BAC2-A7F837B3121E}
		{79CC3CA6-32B4-4E21-982B-0BF0C280C1BF} = {BEB1B735-49D4-4769-BAC2-A7F837B3121E}
	EndGlobalSection
	GlobalSection(ExtensibilityGlobals) = postSolution
		SolutionGuid = {AE4EFE17-F542-4CA5-84E5-600772BEC9F7}
	EndGlobalSection
EndGlobal
