
Microsoft Visual Studio Solution File, Format Version 12.00
# Visual Studio Version 16
VisualStudioVersion = 16.0.29215.179
MinimumVisualStudioVersion = 10.0.40219.1
Project("{FAE04EC0-301F-11D3-BF4B-00C04F79EFBC}") = "Linq", "Linq.csproj", "{5D9271D6-27C7-45EF-9303-61BA2282516C}"
EndProject
Global
	GlobalSection(SolutionConfigurationPlatforms) = preSolution
		Debug|Any CPU = Debug|Any CPU
		Release|Any CPU = Release|Any CPU
	EndGlobalSection
	GlobalSection(ProjectConfigurationPlatforms) = postSolution
		{5D9271D6-27C7-45EF-9303-61BA2282516C}.Debug|Any CPU.ActiveCfg = Debug|Any CPU
		{5D9271D6-27C7-45EF-9303-61BA2282516C}.Debug|Any CPU.Build.0 = Debug|Any CPU
		{5D9271D6-27C7-45EF-9303-61BA2282516C}.Release|Any CPU.ActiveCfg = Release|Any CPU
		{5D9271D6-27C7-45EF-9303-61BA2282516C}.Release|Any CPU.Build.0 = Release|Any CPU
	EndGlobalSection
	GlobalSection(SolutionProperties) = preSolution
		HideSolutionNode = FALSE
	EndGlobalSection
	GlobalSection(ExtensibilityGlobals) = postSolution
		SolutionGuid = {AE4EFE17-F542-4CA5-84E5-600772BEC9F7}
	EndGlobalSection
EndGlobal
